
Microsoft Visual Studio Solution File, Format Version 12.00
# Visual Studio 15
VisualStudioVersion = 15.0.28010.2016
MinimumVisualStudioVersion = 10.0.40219.1
Project("{FAE04EC0-301F-11D3-BF4B-00C04F79EFBC}") = "BankingChatbot.BotService", "BotService\BankingChatbot.BotService.csproj", "{3480441B-8B9C-4D62-8428-3FCE63269FEE}"
EndProject
Project("{FAE04EC0-301F-11D3-BF4B-00C04F79EFBC}") = "BankingChatbot.TextStorage", "BankingChatbot.TextStorage\BankingChatbot.TextStorage.csproj", "{C90A80D5-47BA-41F3-BCB0-64B4CC36797E}"
EndProject
Project("{FAE04EC0-301F-11D3-BF4B-00C04F79EFBC}") = "BankingChatbot.Commons", "BankingChatbot.Commons\BankingChatbot.Commons.csproj", "{BF3CE3A3-4F27-4D78-8D75-8F6B8E2D22AF}"
EndProject
Project("{FAE04EC0-301F-11D3-BF4B-00C04F79EFBC}") = "BankingChatbot.EntityFramework", "BankingChatbot.EntityFramework\BankingChatbot.EntityFramework.csproj", "{15F1FD22-6FB0-4C35-89D2-5D6C988DD89C}"
EndProject
Global
	GlobalSection(SolutionConfigurationPlatforms) = preSolution
		Debug|Any CPU = Debug|Any CPU
		Release|Any CPU = Release|Any CPU
	EndGlobalSection
	GlobalSection(ProjectConfigurationPlatforms) = postSolution
		{3480441B-8B9C-4D62-8428-3FCE63269FEE}.Debug|Any CPU.ActiveCfg = Debug|Any CPU
		{3480441B-8B9C-4D62-8428-3FCE63269FEE}.Debug|Any CPU.Build.0 = Debug|Any CPU
		{3480441B-8B9C-4D62-8428-3FCE63269FEE}.Release|Any CPU.ActiveCfg = Release|Any CPU
		{3480441B-8B9C-4D62-8428-3FCE63269FEE}.Release|Any CPU.Build.0 = Release|Any CPU
		{C90A80D5-47BA-41F3-BCB0-64B4CC36797E}.Debug|Any CPU.ActiveCfg = Debug|Any CPU
		{C90A80D5-47BA-41F3-BCB0-64B4CC36797E}.Debug|Any CPU.Build.0 = Debug|Any CPU
		{C90A80D5-47BA-41F3-BCB0-64B4CC36797E}.Release|Any CPU.ActiveCfg = Release|Any CPU
		{C90A80D5-47BA-41F3-BCB0-64B4CC36797E}.Release|Any CPU.Build.0 = Release|Any CPU
		{BF3CE3A3-4F27-4D78-8D75-8F6B8E2D22AF}.Debug|Any CPU.ActiveCfg = Debug|Any CPU
		{BF3CE3A3-4F27-4D78-8D75-8F6B8E2D22AF}.Debug|Any CPU.Build.0 = Debug|Any CPU
		{BF3CE3A3-4F27-4D78-8D75-8F6B8E2D22AF}.Release|Any CPU.ActiveCfg = Release|Any CPU
		{BF3CE3A3-4F27-4D78-8D75-8F6B8E2D22AF}.Release|Any CPU.Build.0 = Release|Any CPU
		{15F1FD22-6FB0-4C35-89D2-5D6C988DD89C}.Debug|Any CPU.ActiveCfg = Debug|Any CPU
		{15F1FD22-6FB0-4C35-89D2-5D6C988DD89C}.Debug|Any CPU.Build.0 = Debug|Any CPU
		{15F1FD22-6FB0-4C35-89D2-5D6C988DD89C}.Release|Any CPU.ActiveCfg = Release|Any CPU
		{15F1FD22-6FB0-4C35-89D2-5D6C988DD89C}.Release|Any CPU.Build.0 = Release|Any CPU
	EndGlobalSection
	GlobalSection(SolutionProperties) = preSolution
		HideSolutionNode = FALSE
	EndGlobalSection
	GlobalSection(ExtensibilityGlobals) = postSolution
		SolutionGuid = {22648F35-EEBF-4F96-A176-D9A6EAE4C75D}
	EndGlobalSection
EndGlobal
